# THIS IS AN AUTOGENERATED FILE. DO NOT EDIT THIS FILE DIRECTLY.
# yarn lockfile v1


systeminformation@^5.12.11:
  version "5.12.11"
  resolved "https://registry.yarnpkg.com/systeminformation/-/systeminformation-5.12.11.tgz#46beb6f83bd78ccd6b4e6e9eb1057a59b9402be9"
  integrity sha512-4N5nT4BFWqRyadTLO8c/t8/gM6wqgg26/WNjjZCS/UU7VuURuBy/pR6Z6+j0nD3ff+zCpX/sdVfyn+EoIg9saQ==
